{
    "name": "ecs-service-model",
    "version": "0.1.0",
    "lockfileVersion": 3,
    "requires": true,
    "packages": {
        "": {
            "name": "ecs-service-model",
            "version": "0.1.0",
            "dependencies": {
                "@aws-cdk/lambda-layer-kubectl-v32": "^2.1.0",
                "aws-cdk-lib": "^2.260.0",
                "constructs": "^10.7.2"
            },
            "devDependencies": {
                "@types/aws-lambda": "^8.10.162",
                "@types/node": "^26.1.2",
                "aws-cdk": "^2.1133.0",
                "typescript": "^7.0.2"
            }
        },
        "node_modules/@aws-cdk/asset-awscli-v1": {
            "version": "2.2.282",
            "resolved": "https://registry.npmjs.org/@aws-cdk/asset-awscli-v1/-/asset-awscli-v1-2.2.282.tgz",
            "integrity": "sha512-7hKMi5tTxDcKGIMIOq14PnY0GBcugW33Uh/2YHDZiEwSxLeFOCYBwhR+BFXONb/EJeVI3RETFgailNZbkcKF6g==",
            "license": "Apache-2.0"
        },
        "node_modules/@aws-cdk/asset-node-proxy-agent-v6": {
            "version": "2.1.2",
            "resolved": "https://registry.npmjs.org/@aws-cdk/asset-node-proxy-agent-v6/-/asset-node-proxy-agent-v6-2.1.2.tgz",
            "integrity": "sha512-pDiuqH+qY3zM9lhhLjbKJ1tnKOHzQ2V4Wr/3qsxyKeKAkuPMI/BVGvZG1PbrikUw949cGVTfVEt4ETKKYnrj0Q==",
            "license": "Apache-2.0"
        },
        "node_modules/@aws-cdk/cloud-assembly-schema": {
            "version": "54.8.0",
            "resolved": "https://registry.npmjs.org/@aws-cdk/cloud-assembly-schema/-/cloud-assembly-schema-54.8.0.tgz",
            "integrity": "sha512-f891G+Uv4x0/PWTYkA7psEoxHj4//uXEYklB853uFZVHq2zwoH5Eko+uL07wUXZsUiXpZZl8c72KJVnEidR+zg==",
            "bundleDependencies": [
                "jsonschema",
                "semver"
            ],
            "license": "Apache-2.0",
            "dependencies": {
                "jsonschema": "^1.5.0",
                "semver": "^7.8.4"
            },
            "engines": {
                "node": ">= 18.0.0"
            }
        },
        "node_modules/@aws-cdk/cloud-assembly-schema/node_modules/jsonschema": {
            "version": "1.5.0",
            "inBundle": true,
            "license": "MIT",
            "engines": {
                "node": "*"
            }
        },
        "node_modules/@aws-cdk/cloud-assembly-schema/node_modules/semver": {
            "version": "7.8.4",
            "inBundle": true,
            "license": "ISC",
            "bin": {
                "semver": "bin/semver.js"
            },
            "engines": {
                "node": ">=10"
            }
        },
        "node_modules/@aws-cdk/lambda-layer-kubectl-v32": {
            "version": "2.1.0",
            "resolved": "https://registry.npmjs.org/@aws-cdk/lambda-layer-kubectl-v32/-/lambda-layer-kubectl-v32-2.1.0.tgz",
            "integrity": "sha512-a+zvCLapTg8R0P/Nrecc8mKV+ZgAwvkndn4/zlb43e14zRlc4/ozvmeghUT2eoyyaWJv+PwqgWohEXXec3kpSw==",
            "license": "Apache-2.0",
            "peerDependencies": {
                "aws-cdk-lib": "^2.94.0",
                "constructs": "^10.0.5"
            }
        },
        "node_modules/@types/aws-lambda": {
            "version": "8.10.162",
            "resolved": "https://registry.npmjs.org/@types/aws-lambda/-/aws-lambda-8.10.162.tgz",
            "integrity": "sha512-Fn658grtLOci1oxi1391vvDWJRKNGWRSqfxRkmN/Iy3c0tQH1USMKEXcPYHLvope+ZgTFocx9FRQJx1muBL6qw==",
            "dev": true,
            "license": "MIT"
        },
        "node_modules/@types/node": {
            "version": "26.1.2",
            "resolved": "https://registry.npmjs.org/@types/node/-/node-26.1.2.tgz",
            "integrity": "sha512-Vu4a5UFA9rIIFJ7rB/Vaafh9lrCQszopTCx6KjFboXTGQbPNasehVR5TEiithSDGyd1DEiUByggTZsg8jukeIg==",
            "dev": true,
            "license": "MIT",
            "dependencies": {
                "undici-types": "~8.3.0"
            }
        },
        "node_modules/@typescript/typescript-aix-ppc64": {
            "version": "7.0.2",
            "resolved": "https://registry.npmjs.org/@typescript/typescript-aix-ppc64/-/typescript-aix-ppc64-7.0.2.tgz",
            "integrity": "sha512-MTKKkWB7p/0E9xi1d1tHtZ5PiLkGEMIq88pK2CubZjOsLtYTLqhgIgi6zepFa+9GHZ6h05NMCkQxGKiPXMxXtQ==",
            "cpu": [
                "ppc64"
            ],
            "dev": true,
            "license": "Apache-2.0",
            "optional": true,
            "os": [
                "aix"
            ],
            "engines": {
                "node": ">=16.20.0"
            }
        },
        "node_modules/@typescript/typescript-darwin-arm64": {
            "version": "7.0.2",
            "resolved": "https://registry.npmjs.org/@typescript/typescript-darwin-arm64/-/typescript-darwin-arm64-7.0.2.tgz",
            "integrity": "sha512-gowzar9MwS/aRWp6f3a4KUqzRjAZjOsmGNCM6LcTgXum+dBfgsBVMN+AgvOCCbguXyick6LJhpBszxMebJ8syA==",
            "cpu": [
                "arm64"
            ],
            "dev": true,
            "license": "Apache-2.0",
            "optional": true,
            "os": [
                "darwin"
            ],
            "engines": {
                "node": ">=16.20.0"
            }
        },
        "node_modules/@typescript/typescript-darwin-x64": {
            "version": "7.0.2",
            "resolved": "https://registry.npmjs.org/@typescript/typescript-darwin-x64/-/typescript-darwin-x64-7.0.2.tgz",
            "integrity": "sha512-SZ9xZInqApNlNGc9s0W1VSsktYSOe9cFqNOIqmN1Gs8SmkjKZYFt017G4VwPxASInODuAdbTW7sXiFUf893RgA==",
            "cpu": [
                "x64"
            ],
            "dev": true,
            "license": "Apache-2.0",
            "optional": true,
            "os": [
                "darwin"
            ],
            "engines": {
                "node": ">=16.20.0"
            }
        },
        "node_modules/@typescript/typescript-freebsd-arm64": {
            "version": "7.0.2",
            "resolved": "https://registry.npmjs.org/@typescript/typescript-freebsd-arm64/-/typescript-freebsd-arm64-7.0.2.tgz",
            "integrity": "sha512-W5NH4y/J0plIIS5b2xvTEkU7JFxyqdMAOgf+Ilhl0vHQXKO5dZoxd+C/jEtq56c4F3wk71RB4BMRQ2XdI+bwYQ==",
            "cpu": [
                "arm64"
            ],
            "dev": true,
            "license": "Apache-2.0",
            "optional": true,
            "os": [
                "freebsd"
            ],
            "engines": {
                "node": ">=16.20.0"
            }
        },
        "node_modules/@typescript/typescript-freebsd-x64": {
            "version": "7.0.2",
            "resolved": "https://registry.npmjs.org/@typescript/typescript-freebsd-x64/-/typescript-freebsd-x64-7.0.2.tgz",
            "integrity": "sha512-UMGDx5sTpzNw3WiPebH7l90IWfJggEd+egHt/q6p7/Cm3zqoV7VxkGXt+3DxPIw8CcmvAB0j3sVVfbhX+M4Tpw==",
            "cpu": [
                "x64"
            ],
            "dev": true,
            "license": "Apache-2.0",
            "optional": true,
            "os": [
                "freebsd"
            ],
            "engines": {
                "node": ">=16.20.0"
            }
        },
        "node_modules/@typescript/typescript-linux-arm": {
            "version": "7.0.2",
            "resolved": "https://registry.npmjs.org/@typescript/typescript-linux-arm/-/typescript-linux-arm-7.0.2.tgz",
            "integrity": "sha512-gffT3xPz9sR7j/YJExkyPntrI0P2EP9XbOyWzth2/Gs0RstK+90RBcO0ncXoXy/beYll1SXw846Nf2zdnEz0QQ==",
            "cpu": [
                "arm"
            ],
            "dev": true,
            "license": "Apache-2.0",
            "optional": true,
            "os": [
                "linux"
            ],
            "engines": {
                "node": ">=16.20.0"
            }
        },
        "node_modules/@typescript/typescript-linux-arm64": {
            "version": "7.0.2",
            "resolved": "https://registry.npmjs.org/@typescript/typescript-linux-arm64/-/typescript-linux-arm64-7.0.2.tgz",
            "integrity": "sha512-Qh4eU4/y3yDjnfjjyPYihMj5/ODIlmt+Bzu17OI+fiSRDW57QmU5SiN63exPRNJPKUzcc1INa1NXdrJ+MqHjUQ==",
            "cpu": [
                "arm64"
            ],
            "dev": true,
            "license": "Apache-2.0",
            "optional": true,
            "os": [
                "linux"
            ],
            "engines": {
                "node": ">=16.20.0"
            }
        },
        "node_modules/@typescript/typescript-linux-loong64": {
            "version": "7.0.2",
            "resolved": "https://registry.npmjs.org/@typescript/typescript-linux-loong64/-/typescript-linux-loong64-7.0.2.tgz",
            "integrity": "sha512-uEHck9i8hoAzXPiYRib1O7miOnz23SxIeVl6F4LXox+qov1K35jHcEW6VHKvZI+pyvl7fZEP4MCU5LYvIq1GuQ==",
            "cpu": [
                "loong64"
            ],
            "dev": true,
            "license": "Apache-2.0",
            "optional": true,
            "os": [
                "linux"
            ],
            "engines": {
                "node": ">=16.20.0"
            }
        },
        "node_modules/@typescript/typescript-linux-mips64el": {
            "version": "7.0.2",
            "resolved": "https://registry.npmjs.org/@typescript/typescript-linux-mips64el/-/typescript-linux-mips64el-7.0.2.tgz",
            "integrity": "sha512-R4KvAMnE43W5Qeqb0Ly56O3mWMWIAgsMyz36DCaycd5nbg/9kzm0liw3JocfRqyJY0KPmzFjbswozXyW0DnIYA==",
            "cpu": [
                "mips64el"
            ],
            "dev": true,
            "license": "Apache-2.0",
            "optional": true,
            "os": [
                "linux"
            ],
            "engines": {
                "node": ">=16.20.0"
            }
        },
        "node_modules/@typescript/typescript-linux-ppc64": {
            "version": "7.0.2",
            "resolved": "https://registry.npmjs.org/@typescript/typescript-linux-ppc64/-/typescript-linux-ppc64-7.0.2.tgz",
            "integrity": "sha512-DORx5b3sd/4S7eayxm4FQv+A7CrkUIGRaHiwI8oiHTAI1fAPWhF4J0vAlkC8biAlHSVVwxMQ3tjZ2/DVbnQiiA==",
            "cpu": [
                "ppc64"
            ],
            "dev": true,
            "license": "Apache-2.0",
            "optional": true,
            "os": [
                "linux"
            ],
            "engines": {
                "node": ">=16.20.0"
            }
        },
        "node_modules/@typescript/typescript-linux-riscv64": {
            "version": "7.0.2",
            "resolved": "https://registry.npmjs.org/@typescript/typescript-linux-riscv64/-/typescript-linux-riscv64-7.0.2.tgz",
            "integrity": "sha512-wf0jqEDOjrPRnKwYRyyJDRo11KMbvMFrU+q4zqKyChODBzvlkbhNQfKvLxQCcwTpdDaXSHZTVuh0JoCrKCUMHQ==",
            "cpu": [
                "riscv64"
            ],
            "dev": true,
            "license": "Apache-2.0",
            "optional": true,
            "os": [
                "linux"
            ],
            "engines": {
                "node": ">=16.20.0"
            }
        },
        "node_modules/@typescript/typescript-linux-s390x": {
            "version": "7.0.2",
            "resolved": "https://registry.npmjs.org/@typescript/typescript-linux-s390x/-/typescript-linux-s390x-7.0.2.tgz",
            "integrity": "sha512-IkwJc3L7yhytWd/ewjyxNDfOmswCm9GWMJT/ue/dU4aZNbwZeYAetq42VyLmsmSjvoX7z74X6ZaYCtzAr0EuGw==",
            "cpu": [
                "s390x"
            ],
            "dev": true,
            "license": "Apache-2.0",
            "optional": true,
            "os": [
                "linux"
            ],
            "engines": {
                "node": ">=16.20.0"
            }
        },
        "node_modules/@typescript/typescript-linux-x64": {
            "version": "7.0.2",
            "resolved": "https://registry.npmjs.org/@typescript/typescript-linux-x64/-/typescript-linux-x64-7.0.2.tgz",
            "integrity": "sha512-EYdf2cNg7rgCWJnxCdJ+F3V39O8ihb37eHAu1LK8oAFizgTQbPOK7zHHXbPt8rX24COqODXeI3sIf0fCXG7H/A==",
            "cpu": [
                "x64"
            ],
            "dev": true,
            "license": "Apache-2.0",
            "optional": true,
            "os": [
                "linux"
            ],
            "engines": {
                "node": ">=16.20.0"
            }
        },
        "node_modules/@typescript/typescript-netbsd-arm64": {
            "version": "7.0.2",
            "resolved": "https://registry.npmjs.org/@typescript/typescript-netbsd-arm64/-/typescript-netbsd-arm64-7.0.2.tgz",
            "integrity": "sha512-+polYF4MF04aPpO5FTkHran9yUQDSXqy5GiSDKpsll5jy3l3+g9QLhpf39T+ePtefhXLOGrLl0QIjkQP6VnelA==",
            "cpu": [
                "arm64"
            ],
            "dev": true,
            "license": "Apache-2.0",
            "optional": true,
            "os": [
                "netbsd"
            ],
            "engines": {
                "node": ">=16.20.0"
            }
        },
        "node_modules/@typescript/typescript-netbsd-x64": {
            "version": "7.0.2",
            "resolved": "https://registry.npmjs.org/@typescript/typescript-netbsd-x64/-/typescript-netbsd-x64-7.0.2.tgz",
            "integrity": "sha512-8YIT0EHM/3dq10ZOVF/A7pc/YSMtbcecct4rWtexrnSCHOPcpC2KTLXfTCR6vDpnSiY12heNb1GiN/wu+T/FyA==",
            "cpu": [
                "x64"
            ],
            "dev": true,
            "license": "Apache-2.0",
            "optional": true,
            "os": [
                "netbsd"
            ],
            "engines": {
                "node": ">=16.20.0"
            }
        },
        "node_modules/@typescript/typescript-openbsd-arm64": {
            "version": "7.0.2",
            "resolved": "https://registry.npmjs.org/@typescript/typescript-openbsd-arm64/-/typescript-openbsd-arm64-7.0.2.tgz",
            "integrity": "sha512-APT8+ClYnuYm1u9+kgGXoMj2VzWzcymwh2gNSQVySHfkRDGOTVkoWLjCmOQSaO+PoqQ57B0flRp9SA+7GnnkzQ==",
            "cpu": [
                "arm64"
            ],
            "dev": true,
            "license": "Apache-2.0",
            "optional": true,
            "os": [
                "openbsd"
            ],
            "engines": {
                "node": ">=16.20.0"
            }
        },
        "node_modules/@typescript/typescript-openbsd-x64": {
            "version": "7.0.2",
            "resolved": "https://registry.npmjs.org/@typescript/typescript-openbsd-x64/-/typescript-openbsd-x64-7.0.2.tgz",
            "integrity": "sha512-yX7s+Q0Dln0Dt9tEzZsAjXXR/+ytBM7AlglaqyeMPxQszJ1JhlJdZ6jLA+IzldHtflX81em7lDao1xXu+aRRkg==",
            "cpu": [
                "x64"
            ],
            "dev": true,
            "license": "Apache-2.0",
            "optional": true,
            "os": [
                "openbsd"
            ],
            "engines": {
                "node": ">=16.20.0"
            }
        },
        "node_modules/@typescript/typescript-sunos-x64": {
            "version": "7.0.2",
            "resolved": "https://registry.npmjs.org/@typescript/typescript-sunos-x64/-/typescript-sunos-x64-7.0.2.tgz",
            "integrity": "sha512-dLJDGaLZ1D4HPQn62u1n8mBDkJREwMsAkCdkwd4Ieqw+x3TUyTsqY0YiBCtE6H6OzzgGk3iuZ3vFWRS+E8/d1g==",
            "cpu": [
                "x64"
            ],
            "dev": true,
            "license": "Apache-2.0",
            "optional": true,
            "os": [
                "sunos"
            ],
            "engines": {
                "node": ">=16.20.0"
            }
        },
        "node_modules/@typescript/typescript-win32-arm64": {
            "version": "7.0.2",
            "resolved": "https://registry.npmjs.org/@typescript/typescript-win32-arm64/-/typescript-win32-arm64-7.0.2.tgz",
            "integrity": "sha512-Gyl1Vy6OsWesLzmq+EP0Fb7b4Nid5232AvcA2SFcdYreldpNtYFFofPjnt62y9hQy7VTaZp65ICJjuAQRaVcIQ==",
            "cpu": [
                "arm64"
            ],
            "dev": true,
            "license": "Apache-2.0",
            "optional": true,
            "os": [
                "win32"
            ],
            "engines": {
                "node": ">=16.20.0"
            }
        },
        "node_modules/@typescript/typescript-win32-x64": {
            "version": "7.0.2",
            "resolved": "https://registry.npmjs.org/@typescript/typescript-win32-x64/-/typescript-win32-x64-7.0.2.tgz",
            "integrity": "sha512-0BQ3HkAHHlKLSp1qRvf3SUhGpGsDuhB/jgFw75guyqbxJqEaS0Cw/VFO8i2nHglJUzQCRtMMR/IBAKE3ETMC4g==",
            "cpu": [
                "x64"
            ],
            "dev": true,
            "license": "Apache-2.0",
            "optional": true,
            "os": [
                "win32"
            ],
            "engines": {
                "node": ">=16.20.0"
            }
        },
        "node_modules/aws-cdk": {
            "version": "2.1133.0",
            "resolved": "https://registry.npmjs.org/aws-cdk/-/aws-cdk-2.1133.0.tgz",
            "integrity": "sha512-DGlCBwqxSHTe1u/IoT5WV+Bbd2K3UhwFHsdMqb2nQa1fkJmaQgoNFu0It+p3HxyMWeW+gKsVzT5KcjQPQ6Kzuw==",
            "dev": true,
            "license": "Apache-2.0",
            "bin": {
                "cdk": "bin/cdk"
            },
            "engines": {
                "node": ">= 18.0.0"
            }
        },
        "node_modules/aws-cdk-lib": {
            "version": "2.260.0",
            "resolved": "https://registry.npmjs.org/aws-cdk-lib/-/aws-cdk-lib-2.260.0.tgz",
            "integrity": "sha512-2PPG+hbPDot8+ibkb5Jl9y3OY5rBE6TFwjzOi+yEyU4ZG6u8bM4DDKhhBi/S20NqqSFDso9rH1txVJAdwXNiuQ==",
            "bundleDependencies": [
                "@balena/dockerignore",
                "@aws-cdk/cloud-assembly-api",
                "case",
                "fs-extra",
                "ignore",
                "jsonschema",
                "minimatch",
                "punycode",
                "semver",
                "table",
                "yaml",
                "mime-types"
            ],
            "license": "Apache-2.0",
            "dependencies": {
                "@aws-cdk/asset-awscli-v1": "2.2.282",
                "@aws-cdk/asset-node-proxy-agent-v6": "^2.1.2",
                "@aws-cdk/cloud-assembly-api": "^2.2.5",
                "@aws-cdk/cloud-assembly-schema": "^54.0.0",
                "@balena/dockerignore": "^1.0.2",
                "case": "1.6.3",
                "fs-extra": "^11.3.5",
                "ignore": "^5.3.2",
                "jsonschema": "^1.5.0",
                "mime-types": "^2.1.35",
                "minimatch": "^10.2.5",
                "punycode": "^2.3.1",
                "semver": "^7.8.1",
                "table": "^6.9.0",
                "yaml": "1.10.3"
            },
            "engines": {
                "node": ">= 20.0.0"
            },
            "peerDependencies": {
                "constructs": "^10.5.0"
            }
        },
        "node_modules/aws-cdk-lib/node_modules/@aws-cdk/cloud-assembly-api": {
            "version": "2.2.5",
            "inBundle": true,
            "license": "Apache-2.0",
            "dependencies": {
                "jsonschema": "^1.5.0",
                "semver": "^7.8.0"
            },
            "engines": {
                "node": ">= 18.0.0"
            },
            "peerDependencies": {
                "@aws-cdk/cloud-assembly-schema": ">=53.28.0"
            }
        },
        "node_modules/aws-cdk-lib/node_modules/@balena/dockerignore": {
            "version": "1.0.2",
            "inBundle": true,
            "license": "Apache-2.0"
        },
        "node_modules/aws-cdk-lib/node_modules/ajv": {
            "version": "8.20.0",
            "inBundle": true,
            "license": "MIT",
            "dependencies": {
                "fast-deep-equal": "^3.1.3",
                "fast-uri": "^3.0.1",
                "json-schema-traverse": "^1.0.0",
                "require-from-string": "^2.0.2"
            },
            "funding": {
                "type": "github",
                "url": "https://github.com/sponsors/epoberezkin"
            }
        },
        "node_modules/aws-cdk-lib/node_modules/ansi-regex": {
            "version": "5.0.1",
            "inBundle": true,
            "license": "MIT",
            "engines": {
                "node": ">=8"
            }
        },
        "node_modules/aws-cdk-lib/node_modules/ansi-styles": {
            "version": "4.3.0",
            "inBundle": true,
            "license": "MIT",
            "dependencies": {
                "color-convert": "^2.0.1"
            },
            "engines": {
                "node": ">=8"
            },
            "funding": {
                "url": "https://github.com/chalk/ansi-styles?sponsor=1"
            }
        },
        "node_modules/aws-cdk-lib/node_modules/astral-regex": {
            "version": "2.0.0",
            "inBundle": true,
            "license": "MIT",
            "engines": {
                "node": ">=8"
            }
        },
        "node_modules/aws-cdk-lib/node_modules/balanced-match": {
            "version": "4.0.4",
            "inBundle": true,
            "license": "MIT",
            "engines": {
                "node": "18 || 20 || >=22"
            }
        },
        "node_modules/aws-cdk-lib/node_modules/brace-expansion": {
            "version": "5.0.6",
            "inBundle": true,
            "license": "MIT",
            "dependencies": {
                "balanced-match": "^4.0.2"
            },
            "engines": {
                "node": "18 || 20 || >=22"
            }
        },
        "node_modules/aws-cdk-lib/node_modules/case": {
            "version": "1.6.3",
            "inBundle": true,
            "license": "(MIT OR GPL-3.0-or-later)",
            "engines": {
                "node": ">= 0.8.0"
            }
        },
        "node_modules/aws-cdk-lib/node_modules/color-convert": {
            "version": "2.0.1",
            "inBundle": true,
            "license": "MIT",
            "dependencies": {
                "color-name": "~1.1.4"
            },
            "engines": {
                "node": ">=7.0.0"
            }
        },
        "node_modules/aws-cdk-lib/node_modules/color-name": {
            "version": "1.1.4",
            "inBundle": true,
            "license": "MIT"
        },
        "node_modules/aws-cdk-lib/node_modules/emoji-regex": {
            "version": "8.0.0",
            "inBundle": true,
            "license": "MIT"
        },
        "node_modules/aws-cdk-lib/node_modules/fast-deep-equal": {
            "version": "3.1.3",
            "inBundle": true,
            "license": "MIT"
        },
        "node_modules/aws-cdk-lib/node_modules/fast-uri": {
            "version": "3.1.2",
            "funding": [
                {
                    "type": "github",
                    "url": "https://github.com/sponsors/fastify"
                },
                {
                    "type": "opencollective",
                    "url": "https://opencollective.com/fastify"
                }
            ],
            "inBundle": true,
            "license": "BSD-3-Clause"
        },
        "node_modules/aws-cdk-lib/node_modules/fs-extra": {
            "version": "11.3.5",
            "inBundle": true,
            "license": "MIT",
            "dependencies": {
                "graceful-fs": "^4.2.0",
                "jsonfile": "^6.0.1",
                "universalify": "^2.0.0"
            },
            "engines": {
                "node": ">=14.14"
            }
        },
        "node_modules/aws-cdk-lib/node_modules/graceful-fs": {
            "version": "4.2.11",
            "inBundle": true,
            "license": "ISC"
        },
        "node_modules/aws-cdk-lib/node_modules/ignore": {
            "version": "5.3.2",
            "inBundle": true,
            "license": "MIT",
            "engines": {
                "node": ">= 4"
            }
        },
        "node_modules/aws-cdk-lib/node_modules/is-fullwidth-code-point": {
            "version": "3.0.0",
            "inBundle": true,
            "license": "MIT",
            "engines": {
                "node": ">=8"
            }
        },
        "node_modules/aws-cdk-lib/node_modules/json-schema-traverse": {
            "version": "1.0.0",
            "inBundle": true,
            "license": "MIT"
        },
        "node_modules/aws-cdk-lib/node_modules/jsonfile": {
            "version": "6.2.1",
            "inBundle": true,
            "license": "MIT",
            "dependencies": {
                "universalify": "^2.0.0"
            },
            "optionalDependencies": {
                "graceful-fs": "^4.1.6"
            }
        },
        "node_modules/aws-cdk-lib/node_modules/jsonschema": {
            "version": "1.5.0",
            "inBundle": true,
            "license": "MIT",
            "engines": {
                "node": "*"
            }
        },
        "node_modules/aws-cdk-lib/node_modules/lodash.truncate": {
            "version": "4.4.2",
            "inBundle": true,
            "license": "MIT"
        },
        "node_modules/aws-cdk-lib/node_modules/mime-db": {
            "version": "1.52.0",
            "inBundle": true,
            "license": "MIT",
            "engines": {
                "node": ">= 0.6"
            }
        },
        "node_modules/aws-cdk-lib/node_modules/mime-types": {
            "version": "2.1.35",
            "inBundle": true,
            "license": "MIT",
            "dependencies": {
                "mime-db": "1.52.0"
            },
            "engines": {
                "node": ">= 0.6"
            }
        },
        "node_modules/aws-cdk-lib/node_modules/minimatch": {
            "version": "10.2.5",
            "inBundle": true,
            "license": "BlueOak-1.0.0",
            "dependencies": {
                "brace-expansion": "^5.0.5"
            },
            "engines": {
                "node": "18 || 20 || >=22"
            },
            "funding": {
                "url": "https://github.com/sponsors/isaacs"
            }
        },
        "node_modules/aws-cdk-lib/node_modules/punycode": {
            "version": "2.3.1",
            "inBundle": true,
            "license": "MIT",
            "engines": {
                "node": ">=6"
            }
        },
        "node_modules/aws-cdk-lib/node_modules/require-from-string": {
            "version": "2.0.2",
            "inBundle": true,
            "license": "MIT",
            "engines": {
                "node": ">=0.10.0"
            }
        },
        "node_modules/aws-cdk-lib/node_modules/semver": {
            "version": "7.8.1",
            "inBundle": true,
            "license": "ISC",
            "bin": {
                "semver": "bin/semver.js"
            },
            "engines": {
                "node": ">=10"
            }
        },
        "node_modules/aws-cdk-lib/node_modules/slice-ansi": {
            "version": "4.0.0",
            "inBundle": true,
            "license": "MIT",
            "dependencies": {
                "ansi-styles": "^4.0.0",
                "astral-regex": "^2.0.0",
                "is-fullwidth-code-point": "^3.0.0"
            },
            "engines": {
                "node": ">=10"
            },
            "funding": {
                "url": "https://github.com/chalk/slice-ansi?sponsor=1"
            }
        },
        "node_modules/aws-cdk-lib/node_modules/string-width": {
            "version": "4.2.3",
            "inBundle": true,
            "license": "MIT",
            "dependencies": {
                "emoji-regex": "^8.0.0",
                "is-fullwidth-code-point": "^3.0.0",
                "strip-ansi": "^6.0.1"
            },
            "engines": {
                "node": ">=8"
            }
        },
        "node_modules/aws-cdk-lib/node_modules/strip-ansi": {
            "version": "6.0.1",
            "inBundle": true,
            "license": "MIT",
            "dependencies": {
                "ansi-regex": "^5.0.1"
            },
            "engines": {
                "node": ">=8"
            }
        },
        "node_modules/aws-cdk-lib/node_modules/table": {
            "version": "6.9.0",
            "inBundle": true,
            "license": "BSD-3-Clause",
            "dependencies": {
                "ajv": "^8.0.1",
                "lodash.truncate": "^4.4.2",
                "slice-ansi": "^4.0.0",
                "string-width": "^4.2.3",
                "strip-ansi": "^6.0.1"
            },
            "engines": {
                "node": ">=10.0.0"
            }
        },
        "node_modules/aws-cdk-lib/node_modules/universalify": {
            "version": "2.0.1",
            "inBundle": true,
            "license": "MIT",
            "engines": {
                "node": ">= 10.0.0"
            }
        },
        "node_modules/aws-cdk-lib/node_modules/yaml": {
            "version": "1.10.3",
            "inBundle": true,
            "license": "ISC",
            "engines": {
                "node": ">= 6"
            }
        },
        "node_modules/constructs": {
            "version": "10.7.2",
            "resolved": "https://registry.npmjs.org/constructs/-/constructs-10.7.2.tgz",
            "integrity": "sha512-vA7JOqvO/xwq2HBCuq3qc6V2R9mHZCxJ8HPoucUcUWJY88YULe7bzMcsdBy27/gJJIphZi73U1oIXDY2Eqg6nA==",
            "license": "Apache-2.0"
        },
        "node_modules/typescript": {
            "version": "7.0.2",
            "resolved": "https://registry.npmjs.org/typescript/-/typescript-7.0.2.tgz",
            "integrity": "sha512-8FYau96o3NKOhbjKi/qNvG/W5jhzxkbdm5sj9AbZ/5T5sWqn3hJgLfGx27sRKZWTvyzCP8dLRBTf5tBTSRVUNA==",
            "dev": true,
            "license": "Apache-2.0",
            "bin": {
                "tsc": "bin/tsc"
            },
            "engines": {
                "node": ">=16.20.0"
            },
            "optionalDependencies": {
                "@typescript/typescript-aix-ppc64": "7.0.2",
                "@typescript/typescript-darwin-arm64": "7.0.2",
                "@typescript/typescript-darwin-x64": "7.0.2",
                "@typescript/typescript-freebsd-arm64": "7.0.2",
                "@typescript/typescript-freebsd-x64": "7.0.2",
                "@typescript/typescript-linux-arm": "7.0.2",
                "@typescript/typescript-linux-arm64": "7.0.2",
                "@typescript/typescript-linux-loong64": "7.0.2",
                "@typescript/typescript-linux-mips64el": "7.0.2",
                "@typescript/typescript-linux-ppc64": "7.0.2",
                "@typescript/typescript-linux-riscv64": "7.0.2",
                "@typescript/typescript-linux-s390x": "7.0.2",
                "@typescript/typescript-linux-x64": "7.0.2",
                "@typescript/typescript-netbsd-arm64": "7.0.2",
                "@typescript/typescript-netbsd-x64": "7.0.2",
                "@typescript/typescript-openbsd-arm64": "7.0.2",
                "@typescript/typescript-openbsd-x64": "7.0.2",
                "@typescript/typescript-sunos-x64": "7.0.2",
                "@typescript/typescript-win32-arm64": "7.0.2",
                "@typescript/typescript-win32-x64": "7.0.2"
            }
        },
        "node_modules/undici-types": {
            "version": "8.3.0",
            "resolved": "https://registry.npmjs.org/undici-types/-/undici-types-8.3.0.tgz",
            "integrity": "sha512-j375ScV60dom+YkPFIfTLcOiPxkN/buHz5GobjLhixFuANaNs3C9l4GmrWqejgXWJ7BbJcFYpTEUkS1Ge8bpZQ==",
            "dev": true,
            "license": "MIT"
        }
    }
}
