{
  "name": "trivia-game-pipelines",
  "version": "0.1.0",
  "lockfileVersion": 1,
  "requires": true,
  "dependencies": {
    "@aws-cdk/assets": {
      "version": "1.121.0",
      "resolved": "https://registry.npmjs.org/@aws-cdk/assets/-/assets-1.121.0.tgz",
      "integrity": "sha512-aBdSAIof3h71sMscJLK6aL7IyjQ8oavpRb8LexWobGmlg+5Bi36M2qIUm2sv49mjVkEuWM5BOiS8E2ntvM4hZg==",
      "requires": {
        "@aws-cdk/core": "1.121.0",
        "@aws-cdk/cx-api": "1.121.0",
        "constructs": "^3.3.69"
      }
    },
    "@aws-cdk/aws-apigateway": {
      "version": "1.121.0",
      "resolved": "https://registry.npmjs.org/@aws-cdk/aws-apigateway/-/aws-apigateway-1.121.0.tgz",
      "integrity": "sha512-6ovahT50YoPikE5JrX40SPbWY24gL3DzzEkJKclJpSjR0WV0uMeeLHLBhsV3G0vOt8nlzeFxiq5qdfokyU2fVQ==",
      "requires": {
        "@aws-cdk/aws-certificatemanager": "1.121.0",
        "@aws-cdk/aws-cloudwatch": "1.121.0",
        "@aws-cdk/aws-cognito": "1.121.0",
        "@aws-cdk/aws-ec2": "1.121.0",
        "@aws-cdk/aws-elasticloadbalancingv2": "1.121.0",
        "@aws-cdk/aws-iam": "1.121.0",
        "@aws-cdk/aws-lambda": "1.121.0",
        "@aws-cdk/aws-logs": "1.121.0",
        "@aws-cdk/aws-s3": "1.121.0",
        "@aws-cdk/aws-s3-assets": "1.121.0",
        "@aws-cdk/core": "1.121.0",
        "@aws-cdk/cx-api": "1.121.0",
        "constructs": "^3.3.69"
      }
    },
    "@aws-cdk/aws-applicationautoscaling": {
      "version": "1.121.0",
      "resolved": "https://registry.npmjs.org/@aws-cdk/aws-applicationautoscaling/-/aws-applicationautoscaling-1.121.0.tgz",
      "integrity": "sha512-ujGDc+QkcJ5BGKh9FFHJ199oUlYY9Gh+cWffOJfZRaQnnCbkFicdo27iWnoewiSYUHLtzCPjxY1hzn6Xyfr2cg==",
      "requires": {
        "@aws-cdk/aws-autoscaling-common": "1.121.0",
        "@aws-cdk/aws-cloudwatch": "1.121.0",
        "@aws-cdk/aws-iam": "1.121.0",
        "@aws-cdk/core": "1.121.0",
        "constructs": "^3.3.69"
      }
    },
    "@aws-cdk/aws-autoscaling": {
      "version": "1.121.0",
      "resolved": "https://registry.npmjs.org/@aws-cdk/aws-autoscaling/-/aws-autoscaling-1.121.0.tgz",
      "integrity": "sha512-vULUBQ0dzUOzIQbBq9XIFfwCcShCnfptijtFcFEHI2+QyyGb2f8ZTIiq8nhiZHYWhJd6iPEQliCC0IISrEcJzg==",
      "requires": {
        "@aws-cdk/aws-autoscaling-common": "1.121.0",
        "@aws-cdk/aws-cloudwatch": "1.121.0",
        "@aws-cdk/aws-ec2": "1.121.0",
        "@aws-cdk/aws-elasticloadbalancing": "1.121.0",
        "@aws-cdk/aws-elasticloadbalancingv2": "1.121.0",
        "@aws-cdk/aws-iam": "1.121.0",
        "@aws-cdk/aws-sns": "1.121.0",
        "@aws-cdk/core": "1.121.0",
        "constructs": "^3.3.69"
      }
    },
    "@aws-cdk/aws-autoscaling-common": {
      "version": "1.121.0",
      "resolved": "https://registry.npmjs.org/@aws-cdk/aws-autoscaling-common/-/aws-autoscaling-common-1.121.0.tgz",
      "integrity": "sha512-e/T4MHY2KA1DctmjCHiHM9Mns9z6XFsSFtMLQHRJ6sC8OS3ZZAQBiyOLtbnO5kTzHMRaVX0wTWi62Q+9bCjJNg==",
      "requires": {
        "@aws-cdk/aws-iam": "1.121.0",
        "@aws-cdk/core": "1.121.0",
        "constructs": "^3.3.69"
      }
    },
    "@aws-cdk/aws-autoscaling-hooktargets": {
      "version": "1.121.0",
      "resolved": "https://registry.npmjs.org/@aws-cdk/aws-autoscaling-hooktargets/-/aws-autoscaling-hooktargets-1.121.0.tgz",
      "integrity": "sha512-mrmWOTa3VL9pwFFfu2czG5lHq1LGaZEvKWpJj1EMPszjfm4/pOISdN+Vg/+TqZrBK0+Vo46iXMWApozy1g5IGw==",
      "requires": {
        "@aws-cdk/aws-autoscaling": "1.121.0",
        "@aws-cdk/aws-iam": "1.121.0",
        "@aws-cdk/aws-kms": "1.121.0",
        "@aws-cdk/aws-lambda": "1.121.0",
        "@aws-cdk/aws-sns": "1.121.0",
        "@aws-cdk/aws-sns-subscriptions": "1.121.0",
        "@aws-cdk/aws-sqs": "1.121.0",
        "@aws-cdk/core": "1.121.0",
        "constructs": "^3.3.69"
      }
    },
    "@aws-cdk/aws-certificatemanager": {
      "version": "1.121.0",
      "resolved": "https://registry.npmjs.org/@aws-cdk/aws-certificatemanager/-/aws-certificatemanager-1.121.0.tgz",
      "integrity": "sha512-USyWSqPjSHizpV9ZocSba+S0NGXwR3wJDAGptaA9xMGfz7v5ZchLFCEe311spaP8ifK0G84yWNhwBYrjh5nQlw==",
      "requires": {
        "@aws-cdk/aws-cloudwatch": "1.121.0",
        "@aws-cdk/aws-iam": "1.121.0",
        "@aws-cdk/aws-lambda": "1.121.0",
        "@aws-cdk/aws-route53": "1.121.0",
        "@aws-cdk/core": "1.121.0",
        "constructs": "^3.3.69"
      }
    },
    "@aws-cdk/aws-cloudformation": {
      "version": "1.121.0",
      "resolved": "https://registry.npmjs.org/@aws-cdk/aws-cloudformation/-/aws-cloudformation-1.121.0.tgz",
      "integrity": "sha512-FCIZYF9FzkI8CRAH0E5UBYjZfPL+m9254XRZrCDrOHsF/JeyE49yPfrCgaGZK6VMrJOm/UlUlk5Q6G+qS57AYQ==",
      "requires": {
        "@aws-cdk/aws-iam": "1.121.0",
        "@aws-cdk/aws-lambda": "1.121.0",
        "@aws-cdk/aws-s3": "1.121.0",
        "@aws-cdk/aws-sns": "1.121.0",
        "@aws-cdk/core": "1.121.0",
        "@aws-cdk/cx-api": "1.121.0",
        "constructs": "^3.3.69"
      }
    },
    "@aws-cdk/aws-cloudfront": {
      "version": "1.121.0",
      "resolved": "https://registry.npmjs.org/@aws-cdk/aws-cloudfront/-/aws-cloudfront-1.121.0.tgz",
      "integrity": "sha512-U6kI19z2wMNkUGu4nKUomgfYkzJGofGjG/VC0gHurU+HRWnsj5AATrnIEbDBQeUmXrIcW0HhARSKtUcEsp/CfA==",
      "requires": {
        "@aws-cdk/aws-certificatemanager": "1.121.0",
        "@aws-cdk/aws-cloudwatch": "1.121.0",
        "@aws-cdk/aws-ec2": "1.121.0",
        "@aws-cdk/aws-iam": "1.121.0",
        "@aws-cdk/aws-kms": "1.121.0",
        "@aws-cdk/aws-lambda": "1.121.0",
        "@aws-cdk/aws-s3": "1.121.0",
        "@aws-cdk/aws-ssm": "1.121.0",
        "@aws-cdk/core": "1.121.0",
        "@aws-cdk/cx-api": "1.121.0",
        "constructs": "^3.3.69"
      }
    },
    "@aws-cdk/aws-cloudwatch": {
      "version": "1.121.0",
      "resolved": "https://registry.npmjs.org/@aws-cdk/aws-cloudwatch/-/aws-cloudwatch-1.121.0.tgz",
      "integrity": "sha512-B8cMXzbvmlmABfKXDVU3zACxfhpbkLJD70ZpIkfN/qHe0FvC8KHtHYK2ZOQ+KY2qw0ERon4gzTy9jFETaoAmMQ==",
      "requires": {
        "@aws-cdk/aws-iam": "1.121.0",
        "@aws-cdk/core": "1.121.0",
        "constructs": "^3.3.69"
      }
    },
    "@aws-cdk/aws-codebuild": {
      "version": "1.121.0",
      "resolved": "https://registry.npmjs.org/@aws-cdk/aws-codebuild/-/aws-codebuild-1.121.0.tgz",
      "integrity": "sha512-HZPRo7YfnZNCIMbwVecbcrUOaVuhN0wzKa23Ew/cTaKTSRX37CkmtuGm3R7PevMbPljWysg9G4C7b43M4YSKbw==",
      "requires": {
        "@aws-cdk/aws-cloudwatch": "1.121.0",
        "@aws-cdk/aws-codecommit": "1.121.0",
        "@aws-cdk/aws-codestarnotifications": "1.121.0",
        "@aws-cdk/aws-ec2": "1.121.0",
        "@aws-cdk/aws-ecr": "1.121.0",
        "@aws-cdk/aws-ecr-assets": "1.121.0",
        "@aws-cdk/aws-events": "1.121.0",
        "@aws-cdk/aws-iam": "1.121.0",
        "@aws-cdk/aws-kms": "1.121.0",
        "@aws-cdk/aws-logs": "1.121.0",
        "@aws-cdk/aws-s3": "1.121.0",
        "@aws-cdk/aws-s3-assets": "1.121.0",
        "@aws-cdk/aws-secretsmanager": "1.121.0",
        "@aws-cdk/core": "1.121.0",
        "@aws-cdk/region-info": "1.121.0",
        "constructs": "^3.3.69",
        "yaml": "1.10.2"
      },
      "dependencies": {
        "yaml": {
          "version": "1.10.2",
          "bundled": true
        }
      }
    },
    "@aws-cdk/aws-codecommit": {
      "version": "1.121.0",
      "resolved": "https://registry.npmjs.org/@aws-cdk/aws-codecommit/-/aws-codecommit-1.121.0.tgz",
      "integrity": "sha512-YUwJz3DflCef8OIo98oob6sVDQnMyBPizLgUuMZ+jh5a4x9cDKhwOZ8f0RlbYOlSA29makITLy5Xypo8mzDIgg==",
      "requires": {
        "@aws-cdk/aws-codestarnotifications": "1.121.0",
        "@aws-cdk/aws-events": "1.121.0",
        "@aws-cdk/aws-iam": "1.121.0",
        "@aws-cdk/core": "1.121.0",
        "constructs": "^3.3.69"
      }
    },
    "@aws-cdk/aws-codedeploy": {
      "version": "1.121.0",
      "resolved": "https://registry.npmjs.org/@aws-cdk/aws-codedeploy/-/aws-codedeploy-1.121.0.tgz",
      "integrity": "sha512-mnHSi/4c00Zb/lCav/ybe7cvkWo3GYnux1feuLDqK7rEmb8m6vHLdwMe3c/BYCeVeXcLq6Qx8KG4l0lrrkF1kA==",
      "requires": {
        "@aws-cdk/aws-autoscaling": "1.121.0",
        "@aws-cdk/aws-cloudwatch": "1.121.0",
        "@aws-cdk/aws-ec2": "1.121.0",
        "@aws-cdk/aws-elasticloadbalancing": "1.121.0",
        "@aws-cdk/aws-elasticloadbalancingv2": "1.121.0",
        "@aws-cdk/aws-iam": "1.121.0",
        "@aws-cdk/aws-lambda": "1.121.0",
        "@aws-cdk/aws-s3": "1.121.0",
        "@aws-cdk/core": "1.121.0",
        "@aws-cdk/custom-resources": "1.121.0",
        "constructs": "^3.3.69"
      }
    },
    "@aws-cdk/aws-codeguruprofiler": {
      "version": "1.121.0",
      "resolved": "https://registry.npmjs.org/@aws-cdk/aws-codeguruprofiler/-/aws-codeguruprofiler-1.121.0.tgz",
      "integrity": "sha512-nkeCIyixHxKVT3JFEJD+AcIcN4oSIVpm04RF/E4L4RfKMIKFoDeI0gWvr5QirJqU3irlU2SW4gu+jK5DtL9ytA==",
      "requires": {
        "@aws-cdk/aws-iam": "1.121.0",
        "@aws-cdk/core": "1.121.0",
        "constructs": "^3.3.69"
      }
    },
    "@aws-cdk/aws-codepipeline": {
      "version": "1.121.0",
      "resolved": "https://registry.npmjs.org/@aws-cdk/aws-codepipeline/-/aws-codepipeline-1.121.0.tgz",
      "integrity": "sha512-S+IiFf5sSROZeb7iLbKdO06oW7ThKwHbGrSm4zjcQ2hG2IU9ksZXqTaWkNIG6TFWizWXPZuIEXkvAD+004apsA==",
      "requires": {
        "@aws-cdk/aws-codestarnotifications": "1.121.0",
        "@aws-cdk/aws-events": "1.121.0",
        "@aws-cdk/aws-iam": "1.121.0",
        "@aws-cdk/aws-kms": "1.121.0",
        "@aws-cdk/aws-s3": "1.121.0",
        "@aws-cdk/core": "1.121.0",
        "constructs": "^3.3.69"
      }
    },
    "@aws-cdk/aws-codepipeline-actions": {
      "version": "1.121.0",
      "resolved": "https://registry.npmjs.org/@aws-cdk/aws-codepipeline-actions/-/aws-codepipeline-actions-1.121.0.tgz",
      "integrity": "sha512-8aXBkZKzO8W5AdNQ8xblJItC8Lx6F+Se4oF0yGJMiNfop8aFmAw189l4sqbc1boCYryCvkKRINo4N6WgNdVTqA==",
      "requires": {
        "@aws-cdk/aws-cloudformation": "1.121.0",
        "@aws-cdk/aws-codebuild": "1.121.0",
        "@aws-cdk/aws-codecommit": "1.121.0",
        "@aws-cdk/aws-codedeploy": "1.121.0",
        "@aws-cdk/aws-codepipeline": "1.121.0",
        "@aws-cdk/aws-ec2": "1.121.0",
        "@aws-cdk/aws-ecr": "1.121.0",
        "@aws-cdk/aws-ecs": "1.121.0",
        "@aws-cdk/aws-events": "1.121.0",
        "@aws-cdk/aws-events-targets": "1.121.0",
        "@aws-cdk/aws-iam": "1.121.0",
        "@aws-cdk/aws-kms": "1.121.0",
        "@aws-cdk/aws-lambda": "1.121.0",
        "@aws-cdk/aws-s3": "1.121.0",
        "@aws-cdk/aws-sns": "1.121.0",
        "@aws-cdk/aws-sns-subscriptions": "1.121.0",
        "@aws-cdk/aws-stepfunctions": "1.121.0",
        "@aws-cdk/core": "1.121.0",
        "case": "1.6.3",
        "constructs": "^3.3.69"
      },
      "dependencies": {
        "case": {
          "version": "1.6.3",
          "bundled": true
        }
      }
    },
    "@aws-cdk/aws-codestarconnections": {
      "version": "1.121.0",
      "resolved": "https://registry.npmjs.org/@aws-cdk/aws-codestarconnections/-/aws-codestarconnections-1.121.0.tgz",
      "integrity": "sha512-yGT841qR1Q5KI2d62hLpeETjHrFL8tfRbrc06/JAaYdAksd/svygwd7d1mbk2n/3HC490DrbUnJFY2iq1uwAUQ==",
      "requires": {
        "@aws-cdk/core": "1.121.0"
      }
    },
    "@aws-cdk/aws-codestarnotifications": {
      "version": "1.121.0",
      "resolved": "https://registry.npmjs.org/@aws-cdk/aws-codestarnotifications/-/aws-codestarnotifications-1.121.0.tgz",
      "integrity": "sha512-N+/Ox1FnlLhw3iyL5JjIFYxfXCuprghsx/mDxjvmJ6Zn/i+3KNHMjRz6eMlrMXnIuFrfNgXFwm9AIjVMfYPWnA==",
      "requires": {
        "@aws-cdk/core": "1.121.0",
        "constructs": "^3.3.69"
      }
    },
    "@aws-cdk/aws-cognito": {
      "version": "1.121.0",
      "resolved": "https://registry.npmjs.org/@aws-cdk/aws-cognito/-/aws-cognito-1.121.0.tgz",
      "integrity": "sha512-HVDLogl2BU/w9YKyCl/OIm+va3yPxzwjBFcV/DwNxasvS7CNu2aSD+SDyznKWGmaNn6uiiZO+FoOfvhSQY28SA==",
      "requires": {
        "@aws-cdk/aws-certificatemanager": "1.121.0",
        "@aws-cdk/aws-iam": "1.121.0",
        "@aws-cdk/aws-lambda": "1.121.0",
        "@aws-cdk/core": "1.121.0",
        "@aws-cdk/custom-resources": "1.121.0",
        "constructs": "^3.3.69",
        "punycode": "^2.1.1"
      },
      "dependencies": {
        "punycode": {
          "version": "2.1.1",
          "bundled": true
        }
      }
    },
    "@aws-cdk/aws-ec2": {
      "version": "1.121.0",
      "resolved": "https://registry.npmjs.org/@aws-cdk/aws-ec2/-/aws-ec2-1.121.0.tgz",
      "integrity": "sha512-IfqLCOV/3UTzEjfk2VKxOJ5xBnl5lEXBBVFtYz3VUFlaDvTkoYwVW8qpE8VHfNyRcBSvwfpUBO3vi+iDqCdV+g==",
      "requires": {
        "@aws-cdk/aws-cloudwatch": "1.121.0",
        "@aws-cdk/aws-iam": "1.121.0",
        "@aws-cdk/aws-kms": "1.121.0",
        "@aws-cdk/aws-logs": "1.121.0",
        "@aws-cdk/aws-s3": "1.121.0",
        "@aws-cdk/aws-s3-assets": "1.121.0",
        "@aws-cdk/aws-ssm": "1.121.0",
        "@aws-cdk/cloud-assembly-schema": "1.121.0",
        "@aws-cdk/core": "1.121.0",
        "@aws-cdk/cx-api": "1.121.0",
        "@aws-cdk/region-info": "1.121.0",
        "constructs": "^3.3.69"
      }
    },
    "@aws-cdk/aws-ecr": {
      "version": "1.121.0",
      "resolved": "https://registry.npmjs.org/@aws-cdk/aws-ecr/-/aws-ecr-1.121.0.tgz",
      "integrity": "sha512-IGyri1sSiPAudYjWsVPZeR2VXEmAPXdeeAaX913vE0FHEou8qiav4Wj0aj6WL/vKA+d+v9WARZZ4bQ1auCOIWg==",
      "requires": {
        "@aws-cdk/aws-events": "1.121.0",
        "@aws-cdk/aws-iam": "1.121.0",
        "@aws-cdk/core": "1.121.0",
        "constructs": "^3.3.69"
      }
    },
    "@aws-cdk/aws-ecr-assets": {
      "version": "1.121.0",
      "resolved": "https://registry.npmjs.org/@aws-cdk/aws-ecr-assets/-/aws-ecr-assets-1.121.0.tgz",
      "integrity": "sha512-rw2lJO4mTOJKoBygX6aVl/Io9wUniIwPviB+KVBEGYIuRajV7gc8VzF29K0mztb9r48kWgvaVxWAExjNt8ppjw==",
      "requires": {
        "@aws-cdk/assets": "1.121.0",
        "@aws-cdk/aws-ecr": "1.121.0",
        "@aws-cdk/aws-iam": "1.121.0",
        "@aws-cdk/aws-s3": "1.121.0",
        "@aws-cdk/core": "1.121.0",
        "@aws-cdk/cx-api": "1.121.0",
        "constructs": "^3.3.69",
        "minimatch": "^3.0.4"
      },
      "dependencies": {
        "balanced-match": {
          "version": "1.0.2",
          "bundled": true
        },
        "brace-expansion": {
          "version": "1.1.11",
          "bundled": true,
          "requires": {
            "balanced-match": "^1.0.0",
            "concat-map": "0.0.1"
          }
        },
        "concat-map": {
          "version": "0.0.1",
          "bundled": true
        },
        "minimatch": {
          "version": "3.0.4",
          "bundled": true,
          "requires": {
            "brace-expansion": "^1.1.7"
          }
        }
      }
    },
    "@aws-cdk/aws-ecs": {
      "version": "1.121.0",
      "resolved": "https://registry.npmjs.org/@aws-cdk/aws-ecs/-/aws-ecs-1.121.0.tgz",
      "integrity": "sha512-aYljpxghSTCQZzcHmFmTGEXtP0D7qNwol1iYQdoIbHUEC/j2FF8UUL6gR0Xt4jKAZOjSU+dfnyDQkE969MrVWQ==",
      "requires": {
        "@aws-cdk/aws-applicationautoscaling": "1.121.0",
        "@aws-cdk/aws-autoscaling": "1.121.0",
        "@aws-cdk/aws-autoscaling-hooktargets": "1.121.0",
        "@aws-cdk/aws-certificatemanager": "1.121.0",
        "@aws-cdk/aws-cloudwatch": "1.121.0",
        "@aws-cdk/aws-ec2": "1.121.0",
        "@aws-cdk/aws-ecr": "1.121.0",
        "@aws-cdk/aws-ecr-assets": "1.121.0",
        "@aws-cdk/aws-elasticloadbalancing": "1.121.0",
        "@aws-cdk/aws-elasticloadbalancingv2": "1.121.0",
        "@aws-cdk/aws-iam": "1.121.0",
        "@aws-cdk/aws-kms": "1.121.0",
        "@aws-cdk/aws-lambda": "1.121.0",
        "@aws-cdk/aws-logs": "1.121.0",
        "@aws-cdk/aws-route53": "1.121.0",
        "@aws-cdk/aws-route53-targets": "1.121.0",
        "@aws-cdk/aws-s3": "1.121.0",
        "@aws-cdk/aws-s3-assets": "1.121.0",
        "@aws-cdk/aws-secretsmanager": "1.121.0",
        "@aws-cdk/aws-servicediscovery": "1.121.0",
        "@aws-cdk/aws-sns": "1.121.0",
        "@aws-cdk/aws-sqs": "1.121.0",
        "@aws-cdk/aws-ssm": "1.121.0",
        "@aws-cdk/core": "1.121.0",
        "@aws-cdk/cx-api": "1.121.0",
        "constructs": "^3.3.69"
      }
    },
    "@aws-cdk/aws-efs": {
      "version": "1.121.0",
      "resolved": "https://registry.npmjs.org/@aws-cdk/aws-efs/-/aws-efs-1.121.0.tgz",
      "integrity": "sha512-VUJfDLkXnkTGJbWmyb0uVy8UqvkViUyHkK5sqkmq2L+TomDdOI9nYWvrO98i2C0OKCNfSKOnUi+qU7l3UlraFQ==",
      "requires": {
        "@aws-cdk/aws-ec2": "1.121.0",
        "@aws-cdk/aws-iam": "1.121.0",
        "@aws-cdk/aws-kms": "1.121.0",
        "@aws-cdk/cloud-assembly-schema": "1.121.0",
        "@aws-cdk/core": "1.121.0",
        "@aws-cdk/cx-api": "1.121.0",
        "constructs": "^3.3.69"
      }
    },
    "@aws-cdk/aws-elasticloadbalancing": {
      "version": "1.121.0",
      "resolved": "https://registry.npmjs.org/@aws-cdk/aws-elasticloadbalancing/-/aws-elasticloadbalancing-1.121.0.tgz",
      "integrity": "sha512-oc1yH/sayIYeE8LlEoZNkhfhsMDXKyw9PwtJVxZumYUc7TM5CH7a/btuRz5ULGvlGbN+pEmNNsDmyChlxnwghQ==",
      "requires": {
        "@aws-cdk/aws-ec2": "1.121.0",
        "@aws-cdk/core": "1.121.0",
        "constructs": "^3.3.69"
      }
    },
    "@aws-cdk/aws-elasticloadbalancingv2": {
      "version": "1.121.0",
      "resolved": "https://registry.npmjs.org/@aws-cdk/aws-elasticloadbalancingv2/-/aws-elasticloadbalancingv2-1.121.0.tgz",
      "integrity": "sha512-oJJCKJ8MndaOCOJcRM6XRYRDQ3+3wOfcgh3smVietGeXLsK6HaBtD6TsEhRXVTkv3xI+zjxjeyKDyGsTCK4iOw==",
      "requires": {
        "@aws-cdk/aws-certificatemanager": "1.121.0",
        "@aws-cdk/aws-cloudwatch": "1.121.0",
        "@aws-cdk/aws-ec2": "1.121.0",
        "@aws-cdk/aws-iam": "1.121.0",
        "@aws-cdk/aws-lambda": "1.121.0",
        "@aws-cdk/aws-s3": "1.121.0",
        "@aws-cdk/cloud-assembly-schema": "1.121.0",
        "@aws-cdk/core": "1.121.0",
        "@aws-cdk/cx-api": "1.121.0",
        "@aws-cdk/region-info": "1.121.0",
        "constructs": "^3.3.69"
      }
    },
    "@aws-cdk/aws-events": {
      "version": "1.121.0",
      "resolved": "https://registry.npmjs.org/@aws-cdk/aws-events/-/aws-events-1.121.0.tgz",
      "integrity": "sha512-ts8X9s0Y/kXAdE5dFluXdYDlm+5519dn87NsJ4YHc7/hngOmgnxzXWaMgaKpwT2jdizFKO0plD8r0UAzSqP8vA==",
      "requires": {
        "@aws-cdk/aws-iam": "1.121.0",
        "@aws-cdk/core": "1.121.0",
        "constructs": "^3.3.69"
      }
    },
    "@aws-cdk/aws-events-targets": {
      "version": "1.121.0",
      "resolved": "https://registry.npmjs.org/@aws-cdk/aws-events-targets/-/aws-events-targets-1.121.0.tgz",
      "integrity": "sha512-tZwPnOxgmXiK7BnGrUfZLSyDPqGG6+PLjwVB0nTkzGXSETGFKvEONAFIvjmRPZ2/A8zgI11gecmkFmsVaMK7ig==",
      "requires": {
        "@aws-cdk/aws-apigateway": "1.121.0",
        "@aws-cdk/aws-codebuild": "1.121.0",
        "@aws-cdk/aws-codepipeline": "1.121.0",
        "@aws-cdk/aws-ec2": "1.121.0",
        "@aws-cdk/aws-ecs": "1.121.0",
        "@aws-cdk/aws-events": "1.121.0",
        "@aws-cdk/aws-iam": "1.121.0",
        "@aws-cdk/aws-kinesis": "1.121.0",
        "@aws-cdk/aws-kinesisfirehose": "1.121.0",
        "@aws-cdk/aws-kms": "1.121.0",
        "@aws-cdk/aws-lambda": "1.121.0",
        "@aws-cdk/aws-logs": "1.121.0",
        "@aws-cdk/aws-sns": "1.121.0",
        "@aws-cdk/aws-sns-subscriptions": "1.121.0",
        "@aws-cdk/aws-sqs": "1.121.0",
        "@aws-cdk/aws-stepfunctions": "1.121.0",
        "@aws-cdk/core": "1.121.0",
        "@aws-cdk/custom-resources": "1.121.0",
        "constructs": "^3.3.69"
      }
    },
    "@aws-cdk/aws-globalaccelerator": {
      "version": "1.121.0",
      "resolved": "https://registry.npmjs.org/@aws-cdk/aws-globalaccelerator/-/aws-globalaccelerator-1.121.0.tgz",
      "integrity": "sha512-lg6EG4LP7bT76ino0Xqpw0MvNTrTsDBY1JRWHT39DkRlJZhbqDA8kgGPLfcRQL0YuVXHrPOutbWmtEaRtrHOfw==",
      "requires": {
        "@aws-cdk/aws-ec2": "1.121.0",
        "@aws-cdk/core": "1.121.0",
        "@aws-cdk/custom-resources": "1.121.0",
        "constructs": "^3.3.69"
      }
    },
    "@aws-cdk/aws-iam": {
      "version": "1.121.0",
      "resolved": "https://registry.npmjs.org/@aws-cdk/aws-iam/-/aws-iam-1.121.0.tgz",
      "integrity": "sha512-a5zxk0LATHAT8mlEF9ZahR3uJpCqgJRj0NHbAcKsN7N3XBVLwCeKjY6TYeJFZi4LLa96XkaLY99QCZym7r5gNQ==",
      "requires": {
        "@aws-cdk/core": "1.121.0",
        "@aws-cdk/region-info": "1.121.0",
        "constructs": "^3.3.69"
      }
    },
    "@aws-cdk/aws-kinesis": {
      "version": "1.121.0",
      "resolved": "https://registry.npmjs.org/@aws-cdk/aws-kinesis/-/aws-kinesis-1.121.0.tgz",
      "integrity": "sha512-SM+7Tx2kTurPX4NDbViy1IhWA67thfuoPSWapA9yH6H0ylHQpSYrnjNesTdsbMZVfLkE2p4iFh3Vly15aziyDw==",
      "requires": {
        "@aws-cdk/aws-cloudwatch": "1.121.0",
        "@aws-cdk/aws-iam": "1.121.0",
        "@aws-cdk/aws-kms": "1.121.0",
        "@aws-cdk/aws-logs": "1.121.0",
        "@aws-cdk/core": "1.121.0",
        "constructs": "^3.3.69"
      }
    },
    "@aws-cdk/aws-kinesisfirehose": {
      "version": "1.121.0",
      "resolved": "https://registry.npmjs.org/@aws-cdk/aws-kinesisfirehose/-/aws-kinesisfirehose-1.121.0.tgz",
      "integrity": "sha512-/FJg6z58iFyOJHku6FJJvgrhvHoCygCrqzVIoyJTvbHkqofjZn5dXH6mwQ9jVgMsQfto00Mj68F1mBF8kKp6KA==",
      "requires": {
        "@aws-cdk/aws-cloudwatch": "1.121.0",
        "@aws-cdk/aws-ec2": "1.121.0",
        "@aws-cdk/aws-iam": "1.121.0",
        "@aws-cdk/aws-kinesis": "1.121.0",
        "@aws-cdk/aws-kms": "1.121.0",
        "@aws-cdk/aws-lambda": "1.121.0",
        "@aws-cdk/aws-logs": "1.121.0",
        "@aws-cdk/aws-s3": "1.121.0",
        "@aws-cdk/core": "1.121.0",
        "@aws-cdk/region-info": "1.121.0",
        "constructs": "^3.3.69"
      }
    },
    "@aws-cdk/aws-kms": {
      "version": "1.121.0",
      "resolved": "https://registry.npmjs.org/@aws-cdk/aws-kms/-/aws-kms-1.121.0.tgz",
      "integrity": "sha512-kqz0HeC6q2di9zDSpNAtpAw6XpQs0cQ9YYzygD9Rx8LCpzpuLABAE7CeRetA7Q7VMJ44sAAlV4OMtpeB6c7iEw==",
      "requires": {
        "@aws-cdk/aws-iam": "1.121.0",
        "@aws-cdk/core": "1.121.0",
        "@aws-cdk/cx-api": "1.121.0",
        "constructs": "^3.3.69"
      }
    },
    "@aws-cdk/aws-lambda": {
      "version": "1.121.0",
      "resolved": "https://registry.npmjs.org/@aws-cdk/aws-lambda/-/aws-lambda-1.121.0.tgz",
      "integrity": "sha512-Kl+amSrT9ucDH9oDptOtgDrtnCrBapQ76RFywMDdyuBpAGtnD1Mf9JuFjYFlzZSnEMrS3qO5LTXZrlSYNLGyEQ==",
      "requires": {
        "@aws-cdk/aws-applicationautoscaling": "1.121.0",
        "@aws-cdk/aws-cloudwatch": "1.121.0",
        "@aws-cdk/aws-codeguruprofiler": "1.121.0",
        "@aws-cdk/aws-ec2": "1.121.0",
        "@aws-cdk/aws-ecr": "1.121.0",
        "@aws-cdk/aws-ecr-assets": "1.121.0",
        "@aws-cdk/aws-efs": "1.121.0",
        "@aws-cdk/aws-events": "1.121.0",
        "@aws-cdk/aws-iam": "1.121.0",
        "@aws-cdk/aws-kms": "1.121.0",
        "@aws-cdk/aws-logs": "1.121.0",
        "@aws-cdk/aws-s3": "1.121.0",
        "@aws-cdk/aws-s3-assets": "1.121.0",
        "@aws-cdk/aws-signer": "1.121.0",
        "@aws-cdk/aws-sqs": "1.121.0",
        "@aws-cdk/core": "1.121.0",
        "@aws-cdk/cx-api": "1.121.0",
        "@aws-cdk/region-info": "1.121.0",
        "constructs": "^3.3.69"
      }
    },
    "@aws-cdk/aws-logs": {
      "version": "1.121.0",
      "resolved": "https://registry.npmjs.org/@aws-cdk/aws-logs/-/aws-logs-1.121.0.tgz",
      "integrity": "sha512-U8gXhq6MZI+pIKiR/kWLWoBVEKa9xbmonOMP9EhZ3x3H472wH4X+6I9Sy+UxSt4ZT8OuhVXW4lSgTOQUM1sdfQ==",
      "requires": {
        "@aws-cdk/aws-cloudwatch": "1.121.0",
        "@aws-cdk/aws-iam": "1.121.0",
        "@aws-cdk/aws-kms": "1.121.0",
        "@aws-cdk/aws-s3-assets": "1.121.0",
        "@aws-cdk/core": "1.121.0",
        "constructs": "^3.3.69"
      }
    },
    "@aws-cdk/aws-route53": {
      "version": "1.121.0",
      "resolved": "https://registry.npmjs.org/@aws-cdk/aws-route53/-/aws-route53-1.121.0.tgz",
      "integrity": "sha512-iVK6EMX4baZfy664TChzNAGc8v5XQovEZhR6nBATjQVTmr5xkdb6+Bhk3EbMJxTzQIKKNag2qi3uNM99OYyEow==",
      "requires": {
        "@aws-cdk/aws-ec2": "1.121.0",
        "@aws-cdk/aws-iam": "1.121.0",
        "@aws-cdk/aws-logs": "1.121.0",
        "@aws-cdk/cloud-assembly-schema": "1.121.0",
        "@aws-cdk/core": "1.121.0",
        "@aws-cdk/custom-resources": "1.121.0",
        "constructs": "^3.3.69"
      }
    },
    "@aws-cdk/aws-route53-targets": {
      "version": "1.121.0",
      "resolved": "https://registry.npmjs.org/@aws-cdk/aws-route53-targets/-/aws-route53-targets-1.121.0.tgz",
      "integrity": "sha512-ye/utDzijRJM5dEoUdtWoVHKGZR0G4J0LfRqsJNi4CY2bj7mZvYyCyhSu7j9hW0ZRUSygKMO+qKG3IFZGiuuCA==",
      "requires": {
        "@aws-cdk/aws-apigateway": "1.121.0",
        "@aws-cdk/aws-cloudfront": "1.121.0",
        "@aws-cdk/aws-cognito": "1.121.0",
        "@aws-cdk/aws-ec2": "1.121.0",
        "@aws-cdk/aws-elasticloadbalancing": "1.121.0",
        "@aws-cdk/aws-elasticloadbalancingv2": "1.121.0",
        "@aws-cdk/aws-globalaccelerator": "1.121.0",
        "@aws-cdk/aws-iam": "1.121.0",
        "@aws-cdk/aws-route53": "1.121.0",
        "@aws-cdk/aws-s3": "1.121.0",
        "@aws-cdk/core": "1.121.0",
        "@aws-cdk/region-info": "1.121.0",
        "constructs": "^3.3.69"
      }
    },
    "@aws-cdk/aws-s3": {
      "version": "1.121.0",
      "resolved": "https://registry.npmjs.org/@aws-cdk/aws-s3/-/aws-s3-1.121.0.tgz",
      "integrity": "sha512-9yqLLYlPQQri5pgMi1lMREGlVO2JC5pOlJZzm4bE7ED2hrE1QnXEm9fWVNmXcTBZnporBwUjyFngmQ56Diwjdw==",
      "requires": {
        "@aws-cdk/aws-events": "1.121.0",
        "@aws-cdk/aws-iam": "1.121.0",
        "@aws-cdk/aws-kms": "1.121.0",
        "@aws-cdk/core": "1.121.0",
        "@aws-cdk/cx-api": "1.121.0",
        "constructs": "^3.3.69"
      }
    },
    "@aws-cdk/aws-s3-assets": {
      "version": "1.121.0",
      "resolved": "https://registry.npmjs.org/@aws-cdk/aws-s3-assets/-/aws-s3-assets-1.121.0.tgz",
      "integrity": "sha512-PB4zwzx1XrZVJJdIfDFDAdmgDlmDNJeoj+1MJqnNvdaauYMYr5zdWzuRon1/969KuXX+hdHNSWlotQgahFY0OA==",
      "requires": {
        "@aws-cdk/assets": "1.121.0",
        "@aws-cdk/aws-iam": "1.121.0",
        "@aws-cdk/aws-kms": "1.121.0",
        "@aws-cdk/aws-s3": "1.121.0",
        "@aws-cdk/core": "1.121.0",
        "@aws-cdk/cx-api": "1.121.0",
        "constructs": "^3.3.69"
      }
    },
    "@aws-cdk/aws-sam": {
      "version": "1.121.0",
      "resolved": "https://registry.npmjs.org/@aws-cdk/aws-sam/-/aws-sam-1.121.0.tgz",
      "integrity": "sha512-VUN95H16ee9W1rOySdSRfTsaCrKiOvchQFrH2eCShK7qaEgmzxAslQS3RrKKhowgS3pSCByxxFFMnvXnTryMeg==",
      "requires": {
        "@aws-cdk/core": "1.121.0",
        "constructs": "^3.3.69"
      }
    },
    "@aws-cdk/aws-secretsmanager": {
      "version": "1.121.0",
      "resolved": "https://registry.npmjs.org/@aws-cdk/aws-secretsmanager/-/aws-secretsmanager-1.121.0.tgz",
      "integrity": "sha512-PvX5/tJPpoRJBDFxPUU7IJFZpfoe6v5OnFB/jgX34BEaGSwIu1RgA9u+OEpION8BoCSKqCSasQKcePoU7+goFQ==",
      "requires": {
        "@aws-cdk/aws-ec2": "1.121.0",
        "@aws-cdk/aws-iam": "1.121.0",
        "@aws-cdk/aws-kms": "1.121.0",
        "@aws-cdk/aws-lambda": "1.121.0",
        "@aws-cdk/aws-sam": "1.121.0",
        "@aws-cdk/core": "1.121.0",
        "@aws-cdk/cx-api": "1.121.0",
        "constructs": "^3.3.69"
      }
    },
    "@aws-cdk/aws-servicediscovery": {
      "version": "1.121.0",
      "resolved": "https://registry.npmjs.org/@aws-cdk/aws-servicediscovery/-/aws-servicediscovery-1.121.0.tgz",
      "integrity": "sha512-0p9w73BNBtywOo+S3qI3YhhL58MKDdsjpyBIi7lR5hOq5RHFHCzMto41WMEHzhYO3YjAaF7ymcrfD8OT6UteLQ==",
      "requires": {
        "@aws-cdk/aws-ec2": "1.121.0",
        "@aws-cdk/aws-elasticloadbalancingv2": "1.121.0",
        "@aws-cdk/aws-route53": "1.121.0",
        "@aws-cdk/core": "1.121.0",
        "constructs": "^3.3.69"
      }
    },
    "@aws-cdk/aws-signer": {
      "version": "1.121.0",
      "resolved": "https://registry.npmjs.org/@aws-cdk/aws-signer/-/aws-signer-1.121.0.tgz",
      "integrity": "sha512-Z2IoWSPAHfrC8+lolrKtqQIUPKovQhFH/ko9CLURFqHxeQh2V3n7Cc+m2t9OdXM7yOdkGzWmex/J3gj4pKYxCA==",
      "requires": {
        "@aws-cdk/core": "1.121.0",
        "constructs": "^3.3.69"
      }
    },
    "@aws-cdk/aws-sns": {
      "version": "1.121.0",
      "resolved": "https://registry.npmjs.org/@aws-cdk/aws-sns/-/aws-sns-1.121.0.tgz",
      "integrity": "sha512-MIIIkfiXfGLFB1E0SNL+chYMJA32k+6HSLQGPRPXpp6Ufk/wkn3FIanNPWP9qUMjLqa2ocmgBpXgqPorUSXHRQ==",
      "requires": {
        "@aws-cdk/aws-cloudwatch": "1.121.0",
        "@aws-cdk/aws-codestarnotifications": "1.121.0",
        "@aws-cdk/aws-events": "1.121.0",
        "@aws-cdk/aws-iam": "1.121.0",
        "@aws-cdk/aws-kms": "1.121.0",
        "@aws-cdk/aws-sqs": "1.121.0",
        "@aws-cdk/core": "1.121.0",
        "constructs": "^3.3.69"
      }
    },
    "@aws-cdk/aws-sns-subscriptions": {
      "version": "1.121.0",
      "resolved": "https://registry.npmjs.org/@aws-cdk/aws-sns-subscriptions/-/aws-sns-subscriptions-1.121.0.tgz",
      "integrity": "sha512-LK7bz5ZXDG//SAKwgLC1l33p84JTxxqz7UJkL6IVF+Jy06qWr9SlX0x+QY/9yDY6okT8hKkVboT5HjDaWj+T/g==",
      "requires": {
        "@aws-cdk/aws-iam": "1.121.0",
        "@aws-cdk/aws-kms": "1.121.0",
        "@aws-cdk/aws-lambda": "1.121.0",
        "@aws-cdk/aws-sns": "1.121.0",
        "@aws-cdk/aws-sqs": "1.121.0",
        "@aws-cdk/core": "1.121.0",
        "constructs": "^3.3.69"
      }
    },
    "@aws-cdk/aws-sqs": {
      "version": "1.121.0",
      "resolved": "https://registry.npmjs.org/@aws-cdk/aws-sqs/-/aws-sqs-1.121.0.tgz",
      "integrity": "sha512-nvgYx49qHdFTRYgESmgzy05TuWO7CWHTJOV6KBr5bR5CCDTF5kb/eG6+34YOKTRTKZZHAGrhhGOmUuPvZBeGVw==",
      "requires": {
        "@aws-cdk/aws-cloudwatch": "1.121.0",
        "@aws-cdk/aws-iam": "1.121.0",
        "@aws-cdk/aws-kms": "1.121.0",
        "@aws-cdk/core": "1.121.0",
        "constructs": "^3.3.69"
      }
    },
    "@aws-cdk/aws-ssm": {
      "version": "1.121.0",
      "resolved": "https://registry.npmjs.org/@aws-cdk/aws-ssm/-/aws-ssm-1.121.0.tgz",
      "integrity": "sha512-oDOmsFnsLBqqyNjpToHlrRGPlYCWAXIE7gzVpswuJ0mxwQUHsj4uje0xadbTavL4pnho95oxfqeM2npJ5992xw==",
      "requires": {
        "@aws-cdk/aws-iam": "1.121.0",
        "@aws-cdk/aws-kms": "1.121.0",
        "@aws-cdk/cloud-assembly-schema": "1.121.0",
        "@aws-cdk/core": "1.121.0",
        "constructs": "^3.3.69"
      }
    },
    "@aws-cdk/aws-stepfunctions": {
      "version": "1.121.0",
      "resolved": "https://registry.npmjs.org/@aws-cdk/aws-stepfunctions/-/aws-stepfunctions-1.121.0.tgz",
      "integrity": "sha512-tOv2vPSZqljfrT90J4PHGYWozfpOqb16wxaJS7KiCdRPhXChPdtzhQVFQNI3iuxvRpKT227ald7ZJVFEtI8SZw==",
      "requires": {
        "@aws-cdk/aws-cloudwatch": "1.121.0",
        "@aws-cdk/aws-events": "1.121.0",
        "@aws-cdk/aws-iam": "1.121.0",
        "@aws-cdk/aws-logs": "1.121.0",
        "@aws-cdk/aws-s3": "1.121.0",
        "@aws-cdk/core": "1.121.0",
        "constructs": "^3.3.69"
      }
    },
    "@aws-cdk/cloud-assembly-schema": {
      "version": "1.121.0",
      "resolved": "https://registry.npmjs.org/@aws-cdk/cloud-assembly-schema/-/cloud-assembly-schema-1.121.0.tgz",
      "integrity": "sha512-q0tcCUFNp/JBGMx4I1JxrtcPSr/ItenGkzSTdAezWApb0b5caAdPQCIAURZe4u7ZASRqdMTb20Lr3s3D7HK7OA==",
      "requires": {
        "jsonschema": "^1.4.0",
        "semver": "^7.3.5"
      },
      "dependencies": {
        "jsonschema": {
          "version": "1.4.0",
          "bundled": true
        },
        "lru-cache": {
          "version": "6.0.0",
          "bundled": true,
          "requires": {
            "yallist": "^4.0.0"
          }
        },
        "semver": {
          "version": "7.3.5",
          "bundled": true,
          "requires": {
            "lru-cache": "^6.0.0"
          }
        },
        "yallist": {
          "version": "4.0.0",
          "bundled": true
        }
      }
    },
    "@aws-cdk/core": {
      "version": "1.121.0",
      "resolved": "https://registry.npmjs.org/@aws-cdk/core/-/core-1.121.0.tgz",
      "integrity": "sha512-TLtDj2t507pv3GrNyosJx24QoJD2NMuvRE8urxLOmoqjANHcl1f21B8kYpcNgH8QGKJDu53xCcVihmXIPPtMvA==",
      "requires": {
        "@aws-cdk/cloud-assembly-schema": "1.121.0",
        "@aws-cdk/cx-api": "1.121.0",
        "@aws-cdk/region-info": "1.121.0",
        "@balena/dockerignore": "^1.0.2",
        "constructs": "^3.3.69",
        "fs-extra": "^9.1.0",
        "ignore": "^5.1.8",
        "minimatch": "^3.0.4"
      },
      "dependencies": {
        "@balena/dockerignore": {
          "version": "1.0.2",
          "bundled": true
        },
        "at-least-node": {
          "version": "1.0.0",
          "bundled": true
        },
        "balanced-match": {
          "version": "1.0.2",
          "bundled": true
        },
        "brace-expansion": {
          "version": "1.1.11",
          "bundled": true,
          "requires": {
            "balanced-match": "^1.0.0",
            "concat-map": "0.0.1"
          }
        },
        "concat-map": {
          "version": "0.0.1",
          "bundled": true
        },
        "fs-extra": {
          "version": "9.1.0",
          "bundled": true,
          "requires": {
            "at-least-node": "^1.0.0",
            "graceful-fs": "^4.2.0",
            "jsonfile": "^6.0.1",
            "universalify": "^2.0.0"
          }
        },
        "graceful-fs": {
          "version": "4.2.6",
          "bundled": true
        },
        "ignore": {
          "version": "5.1.8",
          "bundled": true
        },
        "jsonfile": {
          "version": "6.1.0",
          "bundled": true,
          "requires": {
            "graceful-fs": "^4.1.6",
            "universalify": "^2.0.0"
          }
        },
        "minimatch": {
          "version": "3.0.4",
          "bundled": true,
          "requires": {
            "brace-expansion": "^1.1.7"
          }
        },
        "universalify": {
          "version": "2.0.0",
          "bundled": true
        }
      }
    },
    "@aws-cdk/custom-resources": {
      "version": "1.121.0",
      "resolved": "https://registry.npmjs.org/@aws-cdk/custom-resources/-/custom-resources-1.121.0.tgz",
      "integrity": "sha512-c4WBEt/Z2vx0/ZCadmfgm1MYJe+XM1CxCmC+MqliSeX7vf1kSfiJHaLh0FM2Sr0uaA7XzZc+UlpnvR/i9tVNMg==",
      "requires": {
        "@aws-cdk/aws-cloudformation": "1.121.0",
        "@aws-cdk/aws-ec2": "1.121.0",
        "@aws-cdk/aws-iam": "1.121.0",
        "@aws-cdk/aws-lambda": "1.121.0",
        "@aws-cdk/aws-logs": "1.121.0",
        "@aws-cdk/aws-sns": "1.121.0",
        "@aws-cdk/core": "1.121.0",
        "constructs": "^3.3.69"
      }
    },
    "@aws-cdk/cx-api": {
      "version": "1.121.0",
      "resolved": "https://registry.npmjs.org/@aws-cdk/cx-api/-/cx-api-1.121.0.tgz",
      "integrity": "sha512-qPI4xFF/tNY9SjBwbrLMcCShLiUm5JELGPkIKgjSAaeL8Hy/0o1zHwiSaAOS9VCVfg5JwvGSqgdZUt5qjxfx3A==",
      "requires": {
        "@aws-cdk/cloud-assembly-schema": "1.121.0",
        "semver": "^7.3.5"
      },
      "dependencies": {
        "lru-cache": {
          "version": "6.0.0",
          "bundled": true,
          "requires": {
            "yallist": "^4.0.0"
          }
        },
        "semver": {
          "version": "7.3.5",
          "bundled": true,
          "requires": {
            "lru-cache": "^6.0.0"
          }
        },
        "yallist": {
          "version": "4.0.0",
          "bundled": true
        }
      }
    },
    "@aws-cdk/region-info": {
      "version": "1.121.0",
      "resolved": "https://registry.npmjs.org/@aws-cdk/region-info/-/region-info-1.121.0.tgz",
      "integrity": "sha512-yls/qfysAOhgrHseM7rtqV7eIffS9XNPOBv5xjfDTNvY/cpheDUMq6s47UIdTP5lYv1lJToYKGe7qTVxunpjPg=="
    },
    "@types/node": {
      "version": "17.0.21",
      "resolved": "https://registry.npmjs.org/@types/node/-/node-17.0.21.tgz",
      "integrity": "sha512-DBZCJbhII3r90XbQxI8Y9IjjiiOGlZ0Hr32omXIZvwwZ7p4DMMXGrKXVyPfuoBOri9XNtL0UK69jYIBIsRX3QQ==",
      "dev": true
    },
    "aws-cdk": {
      "version": "2.15.0",
      "resolved": "https://registry.npmjs.org/aws-cdk/-/aws-cdk-2.15.0.tgz",
      "integrity": "sha512-MtMkebXK+rSkT1cLwRr6yFjwpbHcJq5TE0XpJm7qFVpeiLAWZR+P2gAvCayxjaI+XUEGqGXnSfiAgDSm+IlX5g==",
      "dev": true,
      "requires": {
        "fsevents": "2.3.2"
      }
    },
    "constructs": {
      "version": "3.3.139",
      "resolved": "https://registry.npmjs.org/constructs/-/constructs-3.3.139.tgz",
      "integrity": "sha512-JUSbZ/gd3L7F7h9pFun2YorIDunPvmkm4nt8BSc2wC4hcKv3ShSJ5p1WY0yySX2l+XqwA/24fjtss2tQeB68pw=="
    },
    "fsevents": {
      "version": "2.3.2",
      "resolved": "https://registry.npmjs.org/fsevents/-/fsevents-2.3.2.tgz",
      "integrity": "sha512-xiqMQR4xAeHTuB9uWm+fFRcIOgKBMiOBP+eXiyT7jsgVCq1bkVygt00oASowB7EdtpOHaaPgKt812P9ab+DDKA==",
      "dev": true,
      "optional": true
    },
    "typescript": {
      "version": "4.5.5",
      "resolved": "https://registry.npmjs.org/typescript/-/typescript-4.5.5.tgz",
      "integrity": "sha512-TCTIul70LyWe6IJWT8QSYeA54WQe8EjQFU4wY52Fasj5UKx88LNYKCgBEHcOMOrFF1rKGbD8v/xcNWVUq9SymA==",
      "dev": true
    }
  }
}
